<?xml version="1.0" encoding="utf-8"?>
<Project ToolsVersion="4.0" xmlns="http://schemas.microsoft.com/developer/msbuild/2003">
  <ItemGroup>
    <Filter Include="Source Files">
      <UniqueIdentifier>{4FC737F1-C7A5-4376-A066-2A32D752A2FF}</UniqueIdentifier>
      <Extensions>cpp;c;cc;cxx;def;odl;idl;hpj;bat;asm;asmx</Extensions>
    </Filter>
    <Filter Include="Header Files">
      <UniqueIdentifier>{93995380-89BD-4b04-88EB-625FBE52EBFB}</UniqueIdentifier>
      <Extensions>h;hpp;hxx;hm;inl;inc;xsd</Extensions>
    </Filter>
    <Filter Include="Resource Files">
      <UniqueIdentifier>{67DA6AB6-F800-4c08-8B7A-83BB121AAD01}</UniqueIdentifier>
      <Extensions>rc;ico;cur;bmp;dlg;rc2;rct;bin;rgs;gif;jpg;jpeg;jpe;resx;tiff;tif;png;wav;mfcribbon-ms</Extensions>
    </Filter>
    <Filter Include="Resource Files\images">
      <UniqueIdentifier>{8d0ba49f-6c71-455a-9d6f-a86fd2eaf6c4}</UniqueIdentifier>
    </Filter>
  </ItemGroup>
  <ItemGroup>
    <None Include="ReadMe.txt" />
    <None Include="app.ico">
      <Filter>Resource Files</Filter>
    </None>
    <None Include="images\clubs1.JPG">
      <Filter>Resource Files\images</Filter>
    </None>
    <None Include="images\clubs2.JPG">
      <Filter>Resource Files\images</Filter>
    </None>
    <None Include="images\clubs3.JPG">
      <Filter>Resource Files\images</Filter>
    </None>
    <None Include="images\clubs4.JPG">
      <Filter>Resource Files\images</Filter>
    </None>
    <None Include="images\clubs5.JPG">
      <Filter>Resource Files\images</Filter>
    </None>
    <None Include="images\clubs6.JPG">
      <Filter>Resource Files\images</Filter>
    </None>
    <None Include="images\clubs7.JPG">
      <Filter>Resource Files\images</Filter>
    </None>
    <None Include="images\clubs8.JPG">
      <Filter>Resource Files\images</Filter>
    </None>
    <None Include="images\clubs9.JPG">
      <Filter>Resource Files\images</Filter>
    </None>
    <None Include="images\clubs10.JPG">
      <Filter>Resource Files\images</Filter>
    </None>
    <None Include="images\clubs11.JPG">
      <Filter>Resource Files\images</Filter>
    </None>
    <None Include="images\clubs12.JPG">
      <Filter>Resource Files\images</Filter>
    </None>
    <None Include="images\clubs13.JPG">
      <Filter>Resource Files\images</Filter>
    </None>
    <None Include="images\diamand1.JPG">
      <Filter>Resource Files\images</Filter>
    </None>
    <None Include="images\diamand2.JPG">
      <Filter>Resource Files\images</Filter>
    </None>
    <None Include="images\diamand3.JPG">
      <Filter>Resource Files\images</Filter>
    </None>
    <None Include="images\diamand4.JPG">
      <Filter>Resource Files\images</Filter>
    </None>
    <None Include="images\diamand5.JPG">
      <Filter>Resource Files\images</Filter>
    </None>
    <None Include="images\diamand6.JPG">
      <Filter>Resource Files\images</Filter>
    </None>
    <None Include="images\diamand7.JPG">
      <Filter>Resource Files\images</Filter>
    </None>
    <None Include="images\diamand8.JPG">
      <Filter>Resource Files\images</Filter>
    </None>
    <None Include="images\diamand9.JPG">
      <Filter>Resource Files\images</Filter>
    </None>
    <None Include="images\diamand10.JPG">
      <Filter>Resource Files\images</Filter>
    </None>
    <None Include="images\diamand11.JPG">
      <Filter>Resource Files\images</Filter>
    </None>
    <None Include="images\diamand12.JPG">
      <Filter>Resource Files\images</Filter>
    </None>
    <None Include="images\diamand13.JPG">
      <Filter>Resource Files\images</Filter>
    </None>
    <None Include="images\heart1.JPG">
      <Filter>Resource Files\images</Filter>
    </None>
    <None Include="images\heart2.JPG">
      <Filter>Resource Files\images</Filter>
    </None>
    <None Include="images\heart3.JPG">
      <Filter>Resource Files\images</Filter>
    </None>
    <None Include="images\heart4.JPG">
      <Filter>Resource Files\images</Filter>
    </None>
    <None Include="images\heart5.JPG">
      <Filter>Resource Files\images</Filter>
    </None>
    <None Include="images\heart6.JPG">
      <Filter>Resource Files\images</Filter>
    </None>
    <None Include="images\heart7.JPG">
      <Filter>Resource Files\images</Filter>
    </None>
    <None Include="images\heart8.JPG">
      <Filter>Resource Files\images</Filter>
    </None>
    <None Include="images\heart9.JPG">
      <Filter>Resource Files\images</Filter>
    </None>
    <None Include="images\heart10.JPG">
      <Filter>Resource Files\images</Filter>
    </None>
    <None Include="images\heart11.JPG">
      <Filter>Resource Files\images</Filter>
    </None>
    <None Include="images\heart12.JPG">
      <Filter>Resource Files\images</Filter>
    </None>
    <None Include="images\heart13.JPG">
      <Filter>Resource Files\images</Filter>
    </None>
    <None Include="images\spades1.JPG">
      <Filter>Resource Files\images</Filter>
    </None>
    <None Include="images\spades2.JPG">
      <Filter>Resource Files\images</Filter>
    </None>
    <None Include="images\spades3.JPG">
      <Filter>Resource Files\images</Filter>
    </None>
    <None Include="images\spades4.JPG">
      <Filter>Resource Files\images</Filter>
    </None>
    <None Include="images\spades5.JPG">
      <Filter>Resource Files\images</Filter>
    </None>
    <None Include="images\spades6.JPG">
      <Filter>Resource Files\images</Filter>
    </None>
    <None Include="images\spades7.JPG">
      <Filter>Resource Files\images</Filter>
    </None>
    <None Include="images\spades8.JPG">
      <Filter>Resource Files\images</Filter>
    </None>
    <None Include="images\spades9.JPG">
      <Filter>Resource Files\images</Filter>
    </None>
    <None Include="images\spades10.JPG">
      <Filter>Resource Files\images</Filter>
    </None>
    <None Include="images\spades11.JPG">
      <Filter>Resource Files\images</Filter>
    </None>
    <None Include="images\spades12.JPG">
      <Filter>Resource Files\images</Filter>
    </None>
    <None Include="images\spades13.JPG">
      <Filter>Resource Files\images</Filter>
    </None>
  </ItemGroup>
  <ItemGroup>
    <ClCompile Include="Lucky888.cpp">
      <Filter>Source Files</Filter>
    </ClCompile>
    <ClCompile Include="AssemblyInfo.cpp">
      <Filter>Source Files</Filter>
    </ClCompile>
    <ClCompile Include="stdafx.cpp">
      <Filter>Source Files</Filter>
    </ClCompile>
    <ClCompile Include="main.cpp">
      <Filter>Source Files</Filter>
    </ClCompile>
    <ClCompile Include="pokercard.cpp">
      <Filter>Source Files</Filter>
    </ClCompile>
    <ClCompile Include="registration.cpp">
      <Filter>Source Files</Filter>
    </ClCompile>
  </ItemGroup>
  <ItemGroup>
    <ClInclude Include="stdafx.h">
      <Filter>Header Files</Filter>
    </ClInclude>
    <ClInclude Include="resource.h">
      <Filter>Header Files</Filter>
    </ClInclude>
    <ClInclude Include="login.h">
      <Filter>Header Files</Filter>
    </ClInclude>
    <ClInclude Include="main.h">
      <Filter>Header Files</Filter>
    </ClInclude>
    <ClInclude Include="registration.h">
      <Filter>Header Files</Filter>
    </ClInclude>
    <ClInclude Include="pokercard.h">
      <Filter>Header Files</Filter>
    </ClInclude>
  </ItemGroup>
  <ItemGroup>
    <ResourceCompile Include="app.rc">
      <Filter>Resource Files</Filter>
    </ResourceCompile>
  </ItemGroup>
  <ItemGroup>
    <EmbeddedResource Include="login.resX">
      <Filter>Resource Files</Filter>
    </EmbeddedResource>
    <EmbeddedResource Include="main.resx">
      <Filter>Resource Files</Filter>
    </EmbeddedResource>
    <EmbeddedResource Include="registration.resx">
      <Filter>Resource Files</Filter>
    </EmbeddedResource>
  </ItemGroup>
</Project>